schema: '2.0'
stages:
  prepare:
    cmd: python -m src.prepare
    deps:
    - path: data/raw/test.csv
      md5: dcec4b79bf9c7317bd9e17789bf888f0
      size: 451405
    - path: data/raw/train.csv
      md5: 80ccab65fb115cbad143dbbd2bcd5577
      size: 460676
    - path: src/prepare.py
      hash: md5
      md5: 3f4d96c25dd2435b0737e70ceb241c09
      size: 2588
    params:
      params.yaml:
        prepare.random_state: 2023
        prepare.test_size: 0.2
        prepare.train_size: 0.8
    outs:
    - path: data/processed/X_train.csv
      md5: 713fe946a53a6f11ea15713d61d3590d
      size: 217729
    - path: data/processed/X_valid.csv
      md5: 33c3586dd60b2f7b336015f3c7a283e3
      size: 54714
    - path: data/processed/y_train.csv
      md5: 37e44c3a394132f52cdc69cc50842abd
      size: 13058
    - path: data/processed/y_valid.csv
      md5: a06f9b382ed2a355bdf82b09d524f76c
      size: 3267
  train:
    cmd: python -m src.train
    deps:
    - path: data/processed/X_train.csv
      md5: 713fe946a53a6f11ea15713d61d3590d
      size: 217729
    - path: data/processed/y_train.csv
      md5: 37e44c3a394132f52cdc69cc50842abd
      size: 13058
    - path: src/train.py
      hash: md5
      md5: 0dc2abb0d71447aafa6dc5164e7bd0b4
      size: 2254
    params:
      params.yaml:
        train.algorithm: RandomForestRegressor
        train.random_state: 2023
    outs:
    - path: metrics/emissions.csv
      hash: md5
      md5: d93731ef7044c5a64af15d75911fb295
      size: 824
    - path: models/iowa_model.pkl
      hash: md5
      md5: dc5dc079fa9dabe5d36ebfb9ff7382ef
      size: 11840712
  evaluate:
    cmd: python -m src.evaluate
    deps:
    - path: data/processed/X_valid.csv
      md5: 33c3586dd60b2f7b336015f3c7a283e3
      size: 54714
    - path: data/processed/y_valid.csv
      md5: a06f9b382ed2a355bdf82b09d524f76c
      size: 3267
    - path: models/iowa_model.pkl
      hash: md5
      md5: dc5dc079fa9dabe5d36ebfb9ff7382ef
      size: 11840712
    - path: src/evaluate.py
      hash: md5
      md5: 2f086266e61dde5c1b759686bede3f05
      size: 1790
    outs:
    - path: metrics/scores.json
      md5: b074bacca8be080f3f852a1c188bd57a
      size: 78
