schema: '2.0'
stages:
  prepare:
    cmd: python src/prepare.py
    deps:
    - path: data/raw/test.csv
      md5: dcec4b79bf9c7317bd9e17789bf888f0
      size: 451405
    - path: data/raw/train.csv
      md5: 80ccab65fb115cbad143dbbd2bcd5577
      size: 460676
    - path: src/prepare.py
      md5: ed147f0ec074d22c5a0a49feb2809869
      size: 2546
    params:
      params.yaml:
        prepare.random_state: 2023
        prepare.test_size: 0.2
        prepare.train_size: 0.8
    outs:
    - path: data/processed/X_train.csv
      md5: 713fe946a53a6f11ea15713d61d3590d
      size: 217729
    - path: data/processed/X_valid.csv
      md5: 33c3586dd60b2f7b336015f3c7a283e3
      size: 54714
    - path: data/processed/y_train.csv
      md5: 37e44c3a394132f52cdc69cc50842abd
      size: 13058
    - path: data/processed/y_valid.csv
      md5: a06f9b382ed2a355bdf82b09d524f76c
      size: 3267
  train:
    cmd: python src/train.py
    deps:
    - path: data/processed/X_train.csv
      md5: 713fe946a53a6f11ea15713d61d3590d
      size: 217729
    - path: data/processed/y_train.csv
      md5: 37e44c3a394132f52cdc69cc50842abd
      size: 13058
    - path: src/train.py
      md5: aa8d8ee15e19d5a57677a645539abf76
      size: 1453
    params:
      params.yaml:
        train.algorithm: RandomForestRegressor
        train.random_state: 2023
    outs:
    - path: models/iowa_model.pkl
      md5: e5d92061faa9fd6baadd961d57561a42
      size: 11840660
  evaluate:
    cmd: python src/evaluate.py
    deps:
    - path: data/processed/X_valid.csv
      md5: 33c3586dd60b2f7b336015f3c7a283e3
      size: 54714
    - path: data/processed/y_valid.csv
      md5: a06f9b382ed2a355bdf82b09d524f76c
      size: 3267
    - path: models/iowa_model.pkl
      md5: e5d92061faa9fd6baadd961d57561a42
      size: 11840660
    - path: src/evaluate.py
      md5: 2c1e25b6faa0cd8e357f185e3c119bd3
      size: 1231
    outs:
    - path: metrics/scores.json
      md5: b074bacca8be080f3f852a1c188bd57a
      size: 78
